
Microsoft Visual Studio Solution File, Format Version 12.00
# Visual Studio Version 16
VisualStudioVersion = 16.0.30309.148
MinimumVisualStudioVersion = 10.0.40219.1
Project("{9A19103F-16F7-4668-BE54-9A1E7A4F7556}") = "WaveFFT", "WaveFFT\WaveFFT.csproj", "{CDBD1F3F-9328-4523-882B-CD3581AF8FA9}"
EndProject
Global
	GlobalSection(SolutionConfigurationPlatforms) = preSolution
		Debug|Any CPU = Debug|Any CPU
		Release|Any CPU = Release|Any CPU
	EndGlobalSection
	GlobalSection(ProjectConfigurationPlatforms) = postSolution
		{CDBD1F3F-9328-4523-882B-CD3581AF8FA9}.Debug|Any CPU.ActiveCfg = Debug|Any CPU
		{CDBD1F3F-9328-4523-882B-CD3581AF8FA9}.Debug|Any CPU.Build.0 = Debug|Any CPU
		{CDBD1F3F-9328-4523-882B-CD3581AF8FA9}.Release|Any CPU.ActiveCfg = Release|Any CPU
		{CDBD1F3F-9328-4523-882B-CD3581AF8FA9}.Release|Any CPU.Build.0 = Release|Any CPU
	EndGlobalSection
	GlobalSection(SolutionProperties) = preSolution
		HideSolutionNode = FALSE
	EndGlobalSection
	GlobalSection(ExtensibilityGlobals) = postSolution
		SolutionGuid = {3159B886-48F9-4FFD-8F82-3FE51A99BA4F}
	EndGlobalSection
EndGlobal
